// !$*UTF8*$!
{
	archiveVersion = 1;
	classes = {
	};
	objectVersion = 46;
	objects = {

/* Begin PBXBuildFile section */
		753ED6A9195BD23D0098892B /* Foundation.framework in Frameworks */ = {isa = PBXBuildFile; fileRef = 753ED6A8195BD23D0098892B /* Foundation.framework */; };
		753ED6AB195BD23D0098892B /* CoreGraphics.framework in Frameworks */ = {isa = PBXBuildFile; fileRef = 753ED6AA195BD23D0098892B /* CoreGraphics.framework */; };
		753ED6AD195BD23D0098892B /* UIKit.framework in Frameworks */ = {isa = PBXBuildFile; fileRef = 753ED6AC195BD23D0098892B /* UIKit.framework */; };
		753ED6B3195BD23D0098892B /* InfoPlist.strings in Resources */ = {isa = PBXBuildFile; fileRef = 753ED6B1195BD23D0098892B /* InfoPlist.strings */; };
		753ED6B5195BD23D0098892B /* main.m in Sources */ = {isa = PBXBuildFile; fileRef = 753ED6B4195BD23D0098892B /* main.m */; };
		753ED6B9195BD23D0098892B /* MDCAppDelegate.m in Sources */ = {isa = PBXBuildFile; fileRef = 753ED6B8195BD23D0098892B /* MDCAppDelegate.m */; };
		753ED6BC195BD23D0098892B /* Main.storyboard in Resources */ = {isa = PBXBuildFile; fileRef = 753ED6BA195BD23D0098892B /* Main.storyboard */; };
		753ED6BF195BD23D0098892B /* MDCMasterViewController.m in Sources */ = {isa = PBXBuildFile; fileRef = 753ED6BE195BD23D0098892B /* MDCMasterViewController.m */; };
		753ED6C2195BD23D0098892B /* MDCDetailViewController.m in Sources */ = {isa = PBXBuildFile; fileRef = 753ED6C1195BD23D0098892B /* MDCDetailViewController.m */; };
		753ED6C4195BD23D0098892B /* Images.xcassets in Resources */ = {isa = PBXBuildFile; fileRef = 753ED6C3195BD23D0098892B /* Images.xcassets */; };
		753ED6CB195BD23D0098892B /* XCTest.framework in Frameworks */ = {isa = PBXBuildFile; fileRef = 753ED6CA195BD23D0098892B /* XCTest.framework */; };
		753ED6CC195BD23D0098892B /* Foundation.framework in Frameworks */ = {isa = PBXBuildFile; fileRef = 753ED6A8195BD23D0098892B /* Foundation.framework */; };
		753ED6CD195BD23D0098892B /* UIKit.framework in Frameworks */ = {isa = PBXBuildFile; fileRef = 753ED6AC195BD23D0098892B /* UIKit.framework */; };
		753ED6D5195BD23D0098892B /* InfoPlist.strings in Resources */ = {isa = PBXBuildFile; fileRef = 753ED6D3195BD23D0098892B /* InfoPlist.strings */; };
		753ED6D7195BD23D0098892B /* MaterialDesignCocoaExampleTests.m in Sources */ = {isa = PBXBuildFile; fileRef = 753ED6D6195BD23D0098892B /* MaterialDesignCocoaExampleTests.m */; };
		753ED6F2195BE0690098892B /* MDCCardExampleViewController.m in Sources */ = {isa = PBXBuildFile; fileRef = 753ED6F1195BE0690098892B /* MDCCardExampleViewController.m */; };
		753ED6F9195C064F0098892B /* MDCCardExampleNotificationCell.m in Sources */ = {isa = PBXBuildFile; fileRef = 753ED6F8195C064F0098892B /* MDCCardExampleNotificationCell.m */; };
		E16F020CB9B64681AE36ED2E /* libPods.a in Frameworks */ = {isa = PBXBuildFile; fileRef = 7DC5F7996D2F446B921621DB /* libPods.a */; };
/* End PBXBuildFile section */

/* Begin PBXContainerItemProxy section */
		753ED6CE195BD23D0098892B /* PBXContainerItemProxy */ = {
			isa = PBXContainerItemProxy;
			containerPortal = 753ED69D195BD23D0098892B /* Project object */;
			proxyType = 1;
			remoteGlobalIDString = 753ED6A4195BD23D0098892B;
			remoteInfo = MaterialDesignCocoaExample;
		};
/* End PBXContainerItemProxy section */

/* Begin PBXFileReference section */
		753ED6A5195BD23D0098892B /* MaterialDesignCocoaExample.app */ = {isa = PBXFileReference; explicitFileType = wrapper.application; includeInIndex = 0; path = MaterialDesignCocoaExample.app; sourceTree = BUILT_PRODUCTS_DIR; };
		753ED6A8195BD23D0098892B /* Foundation.framework */ = {isa = PBXFileReference; lastKnownFileType = wrapper.framework; name = Foundation.framework; path = System/Library/Frameworks/Foundation.framework; sourceTree = SDKROOT; };
		753ED6AA195BD23D0098892B /* CoreGraphics.framework */ = {isa = PBXFileReference; lastKnownFileType = wrapper.framework; name = CoreGraphics.framework; path = System/Library/Frameworks/CoreGraphics.framework; sourceTree = SDKROOT; };
		753ED6AC195BD23D0098892B /* UIKit.framework */ = {isa = PBXFileReference; lastKnownFileType = wrapper.framework; name = UIKit.framework; path = System/Library/Frameworks/UIKit.framework; sourceTree = SDKROOT; };
		753ED6B0195BD23D0098892B /* MaterialDesignCocoaExample-Info.plist */ = {isa = PBXFileReference; lastKnownFileType = text.plist.xml; path = "MaterialDesignCocoaExample-Info.plist"; sourceTree = "<group>"; };
		753ED6B2195BD23D0098892B /* en */ = {isa = PBXFileReference; lastKnownFileType = text.plist.strings; name = en; path = en.lproj/InfoPlist.strings; sourceTree = "<group>"; };
		753ED6B4195BD23D0098892B /* main.m */ = {isa = PBXFileReference; lastKnownFileType = sourcecode.c.objc; path = main.m; sourceTree = "<group>"; };
		753ED6B6195BD23D0098892B /* MaterialDesignCocoaExample-Prefix.pch */ = {isa = PBXFileReference; lastKnownFileType = sourcecode.c.h; path = "MaterialDesignCocoaExample-Prefix.pch"; sourceTree = "<group>"; };
		753ED6B7195BD23D0098892B /* MDCAppDelegate.h */ = {isa = PBXFileReference; lastKnownFileType = sourcecode.c.h; path = MDCAppDelegate.h; sourceTree = "<group>"; };
		753ED6B8195BD23D0098892B /* MDCAppDelegate.m */ = {isa = PBXFileReference; lastKnownFileType = sourcecode.c.objc; path = MDCAppDelegate.m; sourceTree = "<group>"; };
		753ED6BB195BD23D0098892B /* Base */ = {isa = PBXFileReference; lastKnownFileType = file.storyboard; name = Base; path = Base.lproj/Main.storyboard; sourceTree = "<group>"; };
		753ED6BD195BD23D0098892B /* MDCMasterViewController.h */ = {isa = PBXFileReference; lastKnownFileType = sourcecode.c.h; path = MDCMasterViewController.h; sourceTree = "<group>"; };
		753ED6BE195BD23D0098892B /* MDCMasterViewController.m */ = {isa = PBXFileReference; lastKnownFileType = sourcecode.c.objc; path = MDCMasterViewController.m; sourceTree = "<group>"; };
		753ED6C0195BD23D0098892B /* MDCDetailViewController.h */ = {isa = PBXFileReference; lastKnownFileType = sourcecode.c.h; path = MDCDetailViewController.h; sourceTree = "<group>"; };
		753ED6C1195BD23D0098892B /* MDCDetailViewController.m */ = {isa = PBXFileReference; lastKnownFileType = sourcecode.c.objc; path = MDCDetailViewController.m; sourceTree = "<group>"; };
		753ED6C3195BD23D0098892B /* Images.xcassets */ = {isa = PBXFileReference; lastKnownFileType = folder.assetcatalog; path = Images.xcassets; sourceTree = "<group>"; };
		753ED6C9195BD23D0098892B /* MaterialDesignCocoaExampleTests.xctest */ = {isa = PBXFileReference; explicitFileType = wrapper.cfbundle; includeInIndex = 0; path = MaterialDesignCocoaExampleTests.xctest; sourceTree = BUILT_PRODUCTS_DIR; };
		753ED6CA195BD23D0098892B /* XCTest.framework */ = {isa = PBXFileReference; lastKnownFileType = wrapper.framework; name = XCTest.framework; path = Library/Frameworks/XCTest.framework; sourceTree = DEVELOPER_DIR; };
		753ED6D2195BD23D0098892B /* MaterialDesignCocoaExampleTests-Info.plist */ = {isa = PBXFileReference; lastKnownFileType = text.plist.xml; path = "MaterialDesignCocoaExampleTests-Info.plist"; sourceTree = "<group>"; };
		753ED6D4195BD23D0098892B /* en */ = {isa = PBXFileReference; lastKnownFileType = text.plist.strings; name = en; path = en.lproj/InfoPlist.strings; sourceTree = "<group>"; };
		753ED6D6195BD23D0098892B /* MaterialDesignCocoaExampleTests.m */ = {isa = PBXFileReference; lastKnownFileType = sourcecode.c.objc; path = MaterialDesignCocoaExampleTests.m; sourceTree = "<group>"; };
		753ED6F0195BE0690098892B /* MDCCardExampleViewController.h */ = {isa = PBXFileReference; fileEncoding = 4; lastKnownFileType = sourcecode.c.h; path = MDCCardExampleViewController.h; sourceTree = "<group>"; };
		753ED6F1195BE0690098892B /* MDCCardExampleViewController.m */ = {isa = PBXFileReference; fileEncoding = 4; lastKnownFileType = sourcecode.c.objc; path = MDCCardExampleViewController.m; sourceTree = "<group>"; };
		753ED6F7195C064F0098892B /* MDCCardExampleNotificationCell.h */ = {isa = PBXFileReference; fileEncoding = 4; lastKnownFileType = sourcecode.c.h; path = MDCCardExampleNotificationCell.h; sourceTree = "<group>"; };
		753ED6F8195C064F0098892B /* MDCCardExampleNotificationCell.m */ = {isa = PBXFileReference; fileEncoding = 4; lastKnownFileType = sourcecode.c.objc; path = MDCCardExampleNotificationCell.m; sourceTree = "<group>"; };
		7DC5F7996D2F446B921621DB /* libPods.a */ = {isa = PBXFileReference; explicitFileType = archive.ar; includeInIndex = 0; path = libPods.a; sourceTree = BUILT_PRODUCTS_DIR; };
		C76D6EF0D09C414CAFD05ABF /* Pods.xcconfig */ = {isa = PBXFileReference; includeInIndex = 1; lastKnownFileType = text.xcconfig; name = Pods.xcconfig; path = Pods/Pods.xcconfig; sourceTree = "<group>"; };
/* End PBXFileReference section */

/* Begin PBXFrameworksBuildPhase section */
		753ED6A2195BD23D0098892B /* Frameworks */ = {
			isa = PBXFrameworksBuildPhase;
			buildActionMask = 2147483647;
			files = (
				753ED6AB195BD23D0098892B /* CoreGraphics.framework in Frameworks */,
				753ED6AD195BD23D0098892B /* UIKit.framework in Frameworks */,
				753ED6A9195BD23D0098892B /* Foundation.framework in Frameworks */,
				E16F020CB9B64681AE36ED2E /* libPods.a in Frameworks */,
			);
			runOnlyForDeploymentPostprocessing = 0;
		};
		753ED6C6195BD23D0098892B /* Frameworks */ = {
			isa = PBXFrameworksBuildPhase;
			buildActionMask = 2147483647;
			files = (
				753ED6CB195BD23D0098892B /* XCTest.framework in Frameworks */,
				753ED6CD195BD23D0098892B /* UIKit.framework in Frameworks */,
				753ED6CC195BD23D0098892B /* Foundation.framework in Frameworks */,
			);
			runOnlyForDeploymentPostprocessing = 0;
		};
/* End PBXFrameworksBuildPhase section */

/* Begin PBXGroup section */
		753ED69C195BD23D0098892B = {
			isa = PBXGroup;
			children = (
				753ED6AE195BD23D0098892B /* MaterialDesignCocoaExample */,
				753ED6D0195BD23D0098892B /* MaterialDesignCocoaExampleTests */,
				753ED6A7195BD23D0098892B /* Frameworks */,
				753ED6A6195BD23D0098892B /* Products */,
				C76D6EF0D09C414CAFD05ABF /* Pods.xcconfig */,
			);
			sourceTree = "<group>";
		};
		753ED6A6195BD23D0098892B /* Products */ = {
			isa = PBXGroup;
			children = (
				753ED6A5195BD23D0098892B /* MaterialDesignCocoaExample.app */,
				753ED6C9195BD23D0098892B /* MaterialDesignCocoaExampleTests.xctest */,
			);
			name = Products;
			sourceTree = "<group>";
		};
		753ED6A7195BD23D0098892B /* Frameworks */ = {
			isa = PBXGroup;
			children = (
				753ED6A8195BD23D0098892B /* Foundation.framework */,
				753ED6AA195BD23D0098892B /* CoreGraphics.framework */,
				753ED6AC195BD23D0098892B /* UIKit.framework */,
				753ED6CA195BD23D0098892B /* XCTest.framework */,
				7DC5F7996D2F446B921621DB /* libPods.a */,
			);
			name = Frameworks;
			sourceTree = "<group>";
		};
		753ED6AE195BD23D0098892B /* MaterialDesignCocoaExample */ = {
			isa = PBXGroup;
			children = (
				753ED6EF195BE0390098892B /* Card */,
				753ED6B7195BD23D0098892B /* MDCAppDelegate.h */,
				753ED6B8195BD23D0098892B /* MDCAppDelegate.m */,
				753ED6BA195BD23D0098892B /* Main.storyboard */,
				753ED6BD195BD23D0098892B /* MDCMasterViewController.h */,
				753ED6BE195BD23D0098892B /* MDCMasterViewController.m */,
				753ED6C0195BD23D0098892B /* MDCDetailViewController.h */,
				753ED6C1195BD23D0098892B /* MDCDetailViewController.m */,
				753ED6C3195BD23D0098892B /* Images.xcassets */,
				753ED6AF195BD23D0098892B /* Supporting Files */,
			);
			path = MaterialDesignCocoaExample;
			sourceTree = "<group>";
		};
		753ED6AF195BD23D0098892B /* Supporting Files */ = {
			isa = PBXGroup;
			children = (
				753ED6B0195BD23D0098892B /* MaterialDesignCocoaExample-Info.plist */,
				753ED6B1195BD23D0098892B /* InfoPlist.strings */,
				753ED6B4195BD23D0098892B /* main.m */,
				753ED6B6195BD23D0098892B /* MaterialDesignCocoaExample-Prefix.pch */,
			);
			name = "Supporting Files";
			sourceTree = "<group>";
		};
		753ED6D0195BD23D0098892B /* MaterialDesignCocoaExampleTests */ = {
			isa = PBXGroup;
			children = (
				753ED6D6195BD23D0098892B /* MaterialDesignCocoaExampleTests.m */,
				753ED6D1195BD23D0098892B /* Supporting Files */,
			);
			path = MaterialDesignCocoaExampleTests;
			sourceTree = "<group>";
		};
		753ED6D1195BD23D0098892B /* Supporting Files */ = {
			isa = PBXGroup;
			children = (
				753ED6D2195BD23D0098892B /* MaterialDesignCocoaExampleTests-Info.plist */,
				753ED6D3195BD23D0098892B /* InfoPlist.strings */,
			);
			name = "Supporting Files";
			sourceTree = "<group>";
		};
		753ED6EF195BE0390098892B /* Card */ = {
			isa = PBXGroup;
			children = (
				753ED6F6195C062E0098892B /* Card Notification Cell */,
				753ED6F0195BE0690098892B /* MDCCardExampleViewController.h */,
				753ED6F1195BE0690098892B /* MDCCardExampleViewController.m */,
			);
			name = Card;
			sourceTree = "<group>";
		};
		753ED6F6195C062E0098892B /* Card Notification Cell */ = {
			isa = PBXGroup;
			children = (
				753ED6F7195C064F0098892B /* MDCCardExampleNotificationCell.h */,
				753ED6F8195C064F0098892B /* MDCCardExampleNotificationCell.m */,
			);
			name = "Card Notification Cell";
			sourceTree = "<group>";
		};
/* End PBXGroup section */

/* Begin PBXNativeTarget section */
		753ED6A4195BD23D0098892B /* MaterialDesignCocoaExample */ = {
			isa = PBXNativeTarget;
			buildConfigurationList = 753ED6DA195BD23D0098892B /* Build configuration list for PBXNativeTarget "MaterialDesignCocoaExample" */;
			buildPhases = (
				2861F702C5894991926EAED1 /* Check Pods Manifest.lock */,
				753ED6A1195BD23D0098892B /* Sources */,
				753ED6A2195BD23D0098892B /* Frameworks */,
				753ED6A3195BD23D0098892B /* Resources */,
				9479E4859D484272B82A71F5 /* Copy Pods Resources */,
			);
			buildRules = (
			);
			dependencies = (
			);
			name = MaterialDesignCocoaExample;
			productName = MaterialDesignCocoaExample;
			productReference = 753ED6A5195BD23D0098892B /* MaterialDesignCocoaExample.app */;
			productType = "com.apple.product-type.application";
		};
		753ED6C8195BD23D0098892B /* MaterialDesignCocoaExampleTests */ = {
			isa = PBXNativeTarget;
			buildConfigurationList = 753ED6DD195BD23D0098892B /* Build configuration list for PBXNativeTarget "MaterialDesignCocoaExampleTests" */;
			buildPhases = (
				753ED6C5195BD23D0098892B /* Sources */,
				753ED6C6195BD23D0098892B /* Frameworks */,
				753ED6C7195BD23D0098892B /* Resources */,
			);
			buildRules = (
			);
			dependencies = (
				753ED6CF195BD23D0098892B /* PBXTargetDependency */,
			);
			name = MaterialDesignCocoaExampleTests;
			productName = MaterialDesignCocoaExampleTests;
			productReference = 753ED6C9195BD23D0098892B /* MaterialDesignCocoaExampleTests.xctest */;
			productType = "com.apple.product-type.bundle.unit-test";
		};
/* End PBXNativeTarget section */

/* Begin PBXProject section */
		753ED69D195BD23D0098892B /* Project object */ = {
			isa = PBXProject;
			attributes = {
				CLASSPREFIX = MDC;
				LastUpgradeCheck = 0510;
				TargetAttributes = {
					753ED6C8195BD23D0098892B = {
						TestTargetID = 753ED6A4195BD23D0098892B;
					};
				};
			};
			buildConfigurationList = 753ED6A0195BD23D0098892B /* Build configuration list for PBXProject "MaterialDesignCocoaExample" */;
			compatibilityVersion = "Xcode 3.2";
			developmentRegion = English;
			hasScannedForEncodings = 0;
			knownRegions = (
				en,
				Base,
			);
			mainGroup = 753ED69C195BD23D0098892B;
			productRefGroup = 753ED6A6195BD23D0098892B /* Products */;
			projectDirPath = "";
			projectRoot = "";
			targets = (
				753ED6A4195BD23D0098892B /* MaterialDesignCocoaExample */,
				753ED6C8195BD23D0098892B /* MaterialDesignCocoaExampleTests */,
			);
		};
/* End PBXProject section */

/* Begin PBXResourcesBuildPhase section */
		753ED6A3195BD23D0098892B /* Resources */ = {
			isa = PBXResourcesBuildPhase;
			buildActionMask = 2147483647;
			files = (
				753ED6C4195BD23D0098892B /* Images.xcassets in Resources */,
				753ED6B3195BD23D0098892B /* InfoPlist.strings in Resources */,
				753ED6BC195BD23D0098892B /* Main.storyboard in Resources */,
			);
			runOnlyForDeploymentPostprocessing = 0;
		};
		753ED6C7195BD23D0098892B /* Resources */ = {
			isa = PBXResourcesBuildPhase;
			buildActionMask = 2147483647;
			files = (
				753ED6D5195BD23D0098892B /* InfoPlist.strings in Resources */,
			);
			runOnlyForDeploymentPostprocessing = 0;
		};
/* End PBXResourcesBuildPhase section */

/* Begin PBXShellScriptBuildPhase section */
		2861F702C5894991926EAED1 /* Check Pods Manifest.lock */ = {
			isa = PBXShellScriptBuildPhase;
			buildActionMask = 2147483647;
			files = (
			);
			inputPaths = (
			);
			name = "Check Pods Manifest.lock";
			outputPaths = (
			);
			runOnlyForDeploymentPostprocessing = 0;
			shellPath = /bin/sh;
			shellScript = "diff \"${PODS_ROOT}/../Podfile.lock\" \"${PODS_ROOT}/Manifest.lock\" > /dev/null\nif [[ $? != 0 ]] ; then\n    cat << EOM\nerror: The sandbox is not in sync with the Podfile.lock. Run 'pod install' or update your CocoaPods installation.\nEOM\n    exit 1\nfi\n";
			showEnvVarsInLog = 0;
		};
		9479E4859D484272B82A71F5 /* Copy Pods Resources */ = {
			isa = PBXShellScriptBuildPhase;
			buildActionMask = 2147483647;
			files = (
			);
			inputPaths = (
			);
			name = "Copy Pods Resources";
			outputPaths = (
			);
			runOnlyForDeploymentPostprocessing = 0;
			shellPath = /bin/sh;
			shellScript = "\"${SRCROOT}/Pods/Pods-resources.sh\"\n";
			showEnvVarsInLog = 0;
		};
/* End PBXShellScriptBuildPhase section */

/* Begin PBXSourcesBuildPhase section */
		753ED6A1195BD23D0098892B /* Sources */ = {
			isa = PBXSourcesBuildPhase;
			buildActionMask = 2147483647;
			files = (
				753ED6B5195BD23D0098892B /* main.m in Sources */,
				753ED6F2195BE0690098892B /* MDCCardExampleViewController.m in Sources */,
				753ED6F9195C064F0098892B /* MDCCardExampleNotificationCell.m in Sources */,
				753ED6BF195BD23D0098892B /* MDCMasterViewController.m in Sources */,
				753ED6C2195BD23D0098892B /* MDCDetailViewController.m in Sources */,
				753ED6B9195BD23D0098892B /* MDCAppDelegate.m in Sources */,
			);
			runOnlyForDeploymentPostprocessing = 0;
		};
		753ED6C5195BD23D0098892B /* Sources */ = {
			isa = PBXSourcesBuildPhase;
			buildActionMask = 2147483647;
			files = (
				753ED6D7195BD23D0098892B /* MaterialDesignCocoaExampleTests.m in Sources */,
			);
			runOnlyForDeploymentPostprocessing = 0;
		};
/* End PBXSourcesBuildPhase section */

/* Begin PBXTargetDependency section */
		753ED6CF195BD23D0098892B /* PBXTargetDependency */ = {
			isa = PBXTargetDependency;
			target = 753ED6A4195BD23D0098892B /* MaterialDesignCocoaExample */;
			targetProxy = 753ED6CE195BD23D0098892B /* PBXContainerItemProxy */;
		};
/* End PBXTargetDependency section */

/* Begin PBXVariantGroup section */
		753ED6B1195BD23D0098892B /* InfoPlist.strings */ = {
			isa = PBXVariantGroup;
			children = (
				753ED6B2195BD23D0098892B /* en */,
			);
			name = InfoPlist.strings;
			sourceTree = "<group>";
		};
		753ED6BA195BD23D0098892B /* Main.storyboard */ = {
			isa = PBXVariantGroup;
			children = (
				753ED6BB195BD23D0098892B /* Base */,
			);
			name = Main.storyboard;
			sourceTree = "<group>";
		};
		753ED6D3195BD23D0098892B /* InfoPlist.strings */ = {
			isa = PBXVariantGroup;
			children = (
				753ED6D4195BD23D0098892B /* en */,
			);
			name = InfoPlist.strings;
			sourceTree = "<group>";
		};
/* End PBXVariantGroup section */

/* Begin XCBuildConfiguration section */
		753ED6D8195BD23D0098892B /* Debug */ = {
			isa = XCBuildConfiguration;
			buildSettings = {
				ALWAYS_SEARCH_USER_PATHS = NO;
				CLANG_CXX_LANGUAGE_STANDARD = "gnu++0x";
				CLANG_CXX_LIBRARY = "libc++";
				CLANG_ENABLE_MODULES = YES;
				CLANG_ENABLE_OBJC_ARC = YES;
				CLANG_WARN_BOOL_CONVERSION = YES;
				CLANG_WARN_CONSTANT_CONVERSION = YES;
				CLANG_WARN_DIRECT_OBJC_ISA_USAGE = YES_ERROR;
				CLANG_WARN_EMPTY_BODY = YES;
				CLANG_WARN_ENUM_CONVERSION = YES;
				CLANG_WARN_INT_CONVERSION = YES;
				CLANG_WARN_OBJC_ROOT_CLASS = YES_ERROR;
				CLANG_WARN__DUPLICATE_METHOD_MATCH = YES;
				"CODE_SIGN_IDENTITY[sdk=iphoneos*]" = "iPhone Developer";
				COPY_PHASE_STRIP = NO;
				GCC_C_LANGUAGE_STANDARD = gnu99;
				GCC_DYNAMIC_NO_PIC = NO;
				GCC_OPTIMIZATION_LEVEL = 0;
				GCC_PREPROCESSOR_DEFINITIONS = (
					"DEBUG=1",
					"$(inherited)",
				);
				GCC_SYMBOLS_PRIVATE_EXTERN = NO;
				GCC_WARN_64_TO_32_BIT_CONVERSION = YES;
				GCC_WARN_ABOUT_RETURN_TYPE = YES_ERROR;
				GCC_WARN_UNDECLARED_SELECTOR = YES;
				GCC_WARN_UNINITIALIZED_AUTOS = YES_AGGRESSIVE;
				GCC_WARN_UNUSED_FUNCTION = YES;
				GCC_WARN_UNUSED_VARIABLE = YES;
				IPHONEOS_DEPLOYMENT_TARGET = 7.1;
				ONLY_ACTIVE_ARCH = YES;
				SDKROOT = iphoneos;
			};
			name = Debug;
		};
		753ED6D9195BD23D0098892B /* Release */ = {
			isa = XCBuildConfiguration;
			buildSettings = {
				ALWAYS_SEARCH_USER_PATHS = NO;
				CLANG_CXX_LANGUAGE_STANDARD = "gnu++0x";
				CLANG_CXX_LIBRARY = "libc++";
				CLANG_ENABLE_MODULES = YES;
				CLANG_ENABLE_OBJC_ARC = YES;
				CLANG_WARN_BOOL_CONVERSION = YES;
				CLANG_WARN_CONSTANT_CONVERSION = YES;
				CLANG_WARN_DIRECT_OBJC_ISA_USAGE = YES_ERROR;
				CLANG_WARN_EMPTY_BODY = YES;
				CLANG_WARN_ENUM_CONVERSION = YES;
				CLANG_WARN_INT_CONVERSION = YES;
				CLANG_WARN_OBJC_ROOT_CLASS = YES_ERROR;
				CLANG_WARN__DUPLICATE_METHOD_MATCH = YES;
				"CODE_SIGN_IDENTITY[sdk=iphoneos*]" = "iPhone Developer";
				COPY_PHASE_STRIP = YES;
				ENABLE_NS_ASSERTIONS = NO;
				GCC_C_LANGUAGE_STANDARD = gnu99;
				GCC_WARN_64_TO_32_BIT_CONVERSION = YES;
				GCC_WARN_ABOUT_RETURN_TYPE = YES_ERROR;
				GCC_WARN_UNDECLARED_SELECTOR = YES;
				GCC_WARN_UNINITIALIZED_AUTOS = YES_AGGRESSIVE;
				GCC_WARN_UNUSED_FUNCTION = YES;
				GCC_WARN_UNUSED_VARIABLE = YES;
				IPHONEOS_DEPLOYMENT_TARGET = 7.1;
				SDKROOT = iphoneos;
				VALIDATE_PRODUCT = YES;
			};
			name = Release;
		};
		753ED6DB195BD23D0098892B /* Debug */ = {
			isa = XCBuildConfiguration;
			baseConfigurationReference = C76D6EF0D09C414CAFD05ABF /* Pods.xcconfig */;
			buildSettings = {
				ASSETCATALOG_COMPILER_APPICON_NAME = AppIcon;
				ASSETCATALOG_COMPILER_LAUNCHIMAGE_NAME = LaunchImage;
				GCC_PRECOMPILE_PREFIX_HEADER = YES;
				GCC_PREFIX_HEADER = "MaterialDesignCocoaExample/MaterialDesignCocoaExample-Prefix.pch";
				INFOPLIST_FILE = "MaterialDesignCocoaExample/MaterialDesignCocoaExample-Info.plist";
				PRODUCT_NAME = "$(TARGET_NAME)";
				WRAPPER_EXTENSION = app;
			};
			name = Debug;
		};
		753ED6DC195BD23D0098892B /* Release */ = {
			isa = XCBuildConfiguration;
			baseConfigurationReference = C76D6EF0D09C414CAFD05ABF /* Pods.xcconfig */;
			buildSettings = {
				ASSETCATALOG_COMPILER_APPICON_NAME = AppIcon;
				ASSETCATALOG_COMPILER_LAUNCHIMAGE_NAME = LaunchImage;
				GCC_PRECOMPILE_PREFIX_HEADER = YES;
				GCC_PREFIX_HEADER = "MaterialDesignCocoaExample/MaterialDesignCocoaExample-Prefix.pch";
				INFOPLIST_FILE = "MaterialDesignCocoaExample/MaterialDesignCocoaExample-Info.plist";
				PRODUCT_NAME = "$(TARGET_NAME)";
				WRAPPER_EXTENSION = app;
			};
			name = Release;
		};
		753ED6DE195BD23D0098892B /* Debug */ = {
			isa = XCBuildConfiguration;
			buildSettings = {
				BUNDLE_LOADER = "$(BUILT_PRODUCTS_DIR)/MaterialDesignCocoaExample.app/MaterialDesignCocoaExample";
				FRAMEWORK_SEARCH_PATHS = (
					"$(SDKROOT)/Developer/Library/Frameworks",
					"$(inherited)",
					"$(DEVELOPER_FRAMEWORKS_DIR)",
				);
				GCC_PRECOMPILE_PREFIX_HEADER = YES;
				GCC_PREFIX_HEADER = "MaterialDesignCocoaExample/MaterialDesignCocoaExample-Prefix.pch";
				GCC_PREPROCESSOR_DEFINITIONS = (
					"DEBUG=1",
					"$(inherited)",
				);
				INFOPLIST_FILE = "MaterialDesignCocoaExampleTests/MaterialDesignCocoaExampleTests-Info.plist";
				PRODUCT_NAME = "$(TARGET_NAME)";
				TEST_HOST = "$(BUNDLE_LOADER)";
				WRAPPER_EXTENSION = xctest;
			};
			name = Debug;
		};
		753ED6DF195BD23D0098892B /* Release */ = {
			isa = XCBuildConfiguration;
			buildSettings = {
				BUNDLE_LOADER = "$(BUILT_PRODUCTS_DIR)/MaterialDesignCocoaExample.app/MaterialDesignCocoaExample";
				FRAMEWORK_SEARCH_PATHS = (
					"$(SDKROOT)/Developer/Library/Frameworks",
					"$(inherited)",
					"$(DEVELOPER_FRAMEWORKS_DIR)",
				);
				GCC_PRECOMPILE_PREFIX_HEADER = YES;
				GCC_PREFIX_HEADER = "MaterialDesignCocoaExample/MaterialDesignCocoaExample-Prefix.pch";
				INFOPLIST_FILE = "MaterialDesignCocoaExampleTests/MaterialDesignCocoaExampleTests-Info.plist";
				PRODUCT_NAME = "$(TARGET_NAME)";
				TEST_HOST = "$(BUNDLE_LOADER)";
				WRAPPER_EXTENSION = xctest;
			};
			name = Release;
		};
/* End XCBuildConfiguration section */

/* Begin XCConfigurationList section */
		753ED6A0195BD23D0098892B /* Build configuration list for PBXProject "MaterialDesignCocoaExample" */ = {
			isa = XCConfigurationList;
			buildConfigurations = (
				753ED6D8195BD23D0098892B /* Debug */,
				753ED6D9195BD23D0098892B /* Release */,
			);
			defaultConfigurationIsVisible = 0;
			defaultConfigurationName = Release;
		};
		753ED6DA195BD23D0098892B /* Build configuration list for PBXNativeTarget "MaterialDesignCocoaExample" */ = {
			isa = XCConfigurationList;
			buildConfigurations = (
				753ED6DB195BD23D0098892B /* Debug */,
				753ED6DC195BD23D0098892B /* Release */,
			);
			defaultConfigurationIsVisible = 0;
			defaultConfigurationName = Release;
		};
		753ED6DD195BD23D0098892B /* Build configuration list for PBXNativeTarget "MaterialDesignCocoaExampleTests" */ = {
			isa = XCConfigurationList;
			buildConfigurations = (
				753ED6DE195BD23D0098892B /* Debug */,
				753ED6DF195BD23D0098892B /* Release */,
			);
			defaultConfigurationIsVisible = 0;
			defaultConfigurationName = Release;
		};
/* End XCConfigurationList section */
	};
	rootObject = 753ED69D195BD23D0098892B /* Project object */;
}
